
Microsoft Visual Studio Solution File, Format Version 12.00
# Visual Studio Version 17
VisualStudioVersion = 17.2.32630.192
MinimumVisualStudioVersion = 10.0.40219.1
Project("{9A19103F-16F7-4668-BE54-9A1E7A4F7556}") = "DragAndDrop", "src\DragAndDrop\DragAndDrop.csproj", "{02CCA5CA-3F93-4DF5-BC55-2CC67AFB704C}"
EndProject
Global
	GlobalSection(SolutionConfigurationPlatforms) = preSolution
		Debug|Any CPU = Debug|Any CPU
		Release|Any CPU = Release|Any CPU
	EndGlobalSection
	GlobalSection(ProjectConfigurationPlatforms) = postSolution
		{02CCA5CA-3F93-4DF5-BC55-2CC67AFB704C}.Debug|Any CPU.ActiveCfg = Debug|Any CPU
		{02CCA5CA-3F93-4DF5-BC55-2CC67AFB704C}.Debug|Any CPU.Build.0 = Debug|Any CPU
		{02CCA5CA-3F93-4DF5-BC55-2CC67AFB704C}.Release|Any CPU.ActiveCfg = Release|Any CPU
		{02CCA5CA-3F93-4DF5-BC55-2CC67AFB704C}.Release|Any CPU.Build.0 = Release|Any CPU
	EndGlobalSection
	GlobalSection(SolutionProperties) = preSolution
		HideSolutionNode = FALSE
	EndGlobalSection
	GlobalSection(ExtensibilityGlobals) = postSolution
		SolutionGuid = {288717AC-A3D0-40D1-BAF5-8A3918F5D388}
	EndGlobalSection
EndGlobal
